
Microsoft Visual Studio Solution File, Format Version 12.00
# Visual Studio Version 17
VisualStudioVersion = 17.9.34701.34
MinimumVisualStudioVersion = 10.0.40219.1
Project("{2150E333-8FDC-42A3-9474-1A3956D46DE8}") = "Solution Items", "Solution Items", "{A4D78311-8D33-4686-99AF-A6FA71ADCC45}"
	ProjectSection(SolutionItems) = preProject
		index.html = index.html
		Style.css = Style.css
	EndProjectSection
EndProject
Global
	GlobalSection(SolutionProperties) = preSolution
		HideSolutionNode = FALSE
	EndGlobalSection
	GlobalSection(ExtensibilityGlobals) = postSolution
		SolutionGuid = {285C299B-9434-4314-912F-79B1CEE178F0}
	EndGlobalSection
EndGlobal
